dependencies:
- name: renovate
  repository: https://docs.renovatebot.com/helm-charts
  version: 43.35.5
- name: redis
  repository: oci://registry-1.docker.io/bitnamicharts
  version: 22.0.7
- name: common
  repository: oci://registry-1.docker.io/bitnamicharts
  version: 2.31.4
digest: sha256:faef5fb5db31d1d6f08d78e8fff3e5a34046cea2b8a29fe493b03de148ba95d3
generated: "2025-09-07T14:16:37.470596978-04:00"
